
Microsoft Visual Studio Solution File, Format Version 12.00
# Visual Studio Version 17
VisualStudioVersion = 17.5.33516.290
MinimumVisualStudioVersion = 10.0.40219.1
Project("{FAE04EC0-301F-11D3-BF4B-00C04F79EFBC}") = "BubbleTrouble", "BubbleTrouble\BubbleTrouble.csproj", "{625935D2-C184-4F73-A50E-C0C921466089}"
EndProject
Global
	GlobalSection(SolutionConfigurationPlatforms) = preSolution
		Debug|Any CPU = Debug|Any CPU
		Release|Any CPU = Release|Any CPU
	EndGlobalSection
	GlobalSection(ProjectConfigurationPlatforms) = postSolution
		{625935D2-C184-4F73-A50E-C0C921466089}.Debug|Any CPU.ActiveCfg = Debug|Any CPU
		{625935D2-C184-4F73-A50E-C0C921466089}.Debug|Any CPU.Build.0 = Debug|Any CPU
		{625935D2-C184-4F73-A50E-C0C921466089}.Release|Any CPU.ActiveCfg = Release|Any CPU
		{625935D2-C184-4F73-A50E-C0C921466089}.Release|Any CPU.Build.0 = Release|Any CPU
	EndGlobalSection
	GlobalSection(SolutionProperties) = preSolution
		HideSolutionNode = FALSE
	EndGlobalSection
	GlobalSection(ExtensibilityGlobals) = postSolution
		SolutionGuid = {116F8565-2F87-45F9-8CCA-6D6B2AEA55D2}
	EndGlobalSection
EndGlobal
